
Microsoft Visual Studio Solution File, Format Version 12.00
# Visual Studio Version 17
VisualStudioVersion = 17.14.36623.8 d17.14
MinimumVisualStudioVersion = 10.0.40219.1
Project("{FAE04EC0-301F-11D3-BF4B-00C04F79EFBC}") = "NetLauncher", "NetLauncher\NetLauncher.csproj", "{CDBE79E4-55B4-412F-B3A7-C227400B881B}"
EndProject
Global
	GlobalSection(SolutionConfigurationPlatforms) = preSolution
		Debug|Any CPU = Debug|Any CPU
		Release|Any CPU = Release|Any CPU
	EndGlobalSection
	GlobalSection(ProjectConfigurationPlatforms) = postSolution
		{CDBE79E4-55B4-412F-B3A7-C227400B881B}.Debug|Any CPU.ActiveCfg = Debug|Any CPU
		{CDBE79E4-55B4-412F-B3A7-C227400B881B}.Debug|Any CPU.Build.0 = Debug|Any CPU
		{CDBE79E4-55B4-412F-B3A7-C227400B881B}.Release|Any CPU.ActiveCfg = Release|Any CPU
		{CDBE79E4-55B4-412F-B3A7-C227400B881B}.Release|Any CPU.Build.0 = Release|Any CPU
	EndGlobalSection
	GlobalSection(SolutionProperties) = preSolution
		HideSolutionNode = FALSE
	EndGlobalSection
	GlobalSection(ExtensibilityGlobals) = postSolution
		SolutionGuid = {6559BA52-781B-4CF4-B061-0ECFF09F4AA6}
	EndGlobalSection
EndGlobal
